
Microsoft Visual Studio Solution File, Format Version 12.00
# Visual Studio Version 16
VisualStudioVersion = 16.0.28729.10
MinimumVisualStudioVersion = 10.0.40219.1
Project("{FAE04EC0-301F-11D3-BF4B-00C04F79EFBC}") = "CoffeeShop", "CoffeeShop\CoffeeShop.csproj", "{E53A123F-9D3A-4EB9-8EB8-5763D92AB16D}"
EndProject
Global
	GlobalSection(SolutionConfigurationPlatforms) = preSolution
		Debug|Any CPU = Debug|Any CPU
		Release|Any CPU = Release|Any CPU
	EndGlobalSection
	GlobalSection(ProjectConfigurationPlatforms) = postSolution
		{E53A123F-9D3A-4EB9-8EB8-5763D92AB16D}.Debug|Any CPU.ActiveCfg = Debug|Any CPU
		{E53A123F-9D3A-4EB9-8EB8-5763D92AB16D}.Debug|Any CPU.Build.0 = Debug|Any CPU
		{E53A123F-9D3A-4EB9-8EB8-5763D92AB16D}.Release|Any CPU.ActiveCfg = Release|Any CPU
		{E53A123F-9D3A-4EB9-8EB8-5763D92AB16D}.Release|Any CPU.Build.0 = Release|Any CPU
	EndGlobalSection
	GlobalSection(SolutionProperties) = preSolution
		HideSolutionNode = FALSE
	EndGlobalSection
	GlobalSection(ExtensibilityGlobals) = postSolution
		SolutionGuid = {536BC4AC-6C3C-479E-B709-51A47B3085E6}
	EndGlobalSection
EndGlobal
